
Microsoft Visual Studio Solution File, Format Version 12.00
# Visual Studio Version 16
VisualStudioVersion = 16.0.30204.135
MinimumVisualStudioVersion = 10.0.40219.1
Project("{9A19103F-16F7-4668-BE54-9A1E7A4F7556}") = "AddictionCollaboration", "AddictionCollaboration\AddictionCollaboration.csproj", "{3346B313-5A84-4025-B9D1-F35DCFA7CE57}"
EndProject
Project("{FAE04EC0-301F-11D3-BF4B-00C04F79EFBC}") = "AddictionCollaboration.Tests", "AddictionCollaboration.Tests\AddictionCollaboration.Tests.csproj", "{684A7ACB-3B93-4A09-BD9B-E075097C0EF0}"
EndProject
Project("{FAE04EC0-301F-11D3-BF4B-00C04F79EFBC}") = "AddictionCollaboration.Console", "AddictionCollaboration.Console\AddictionCollaboration.Console.csproj", "{FCE0732C-CAB7-45F0-A95E-02402F5F0959}"
EndProject
Global
	GlobalSection(SolutionConfigurationPlatforms) = preSolution
		Debug|Any CPU = Debug|Any CPU
		Release|Any CPU = Release|Any CPU
	EndGlobalSection
	GlobalSection(ProjectConfigurationPlatforms) = postSolution
		{3346B313-5A84-4025-B9D1-F35DCFA7CE57}.Debug|Any CPU.ActiveCfg = Debug|Any CPU
		{3346B313-5A84-4025-B9D1-F35DCFA7CE57}.Debug|Any CPU.Build.0 = Debug|Any CPU
		{3346B313-5A84-4025-B9D1-F35DCFA7CE57}.Release|Any CPU.ActiveCfg = Release|Any CPU
		{3346B313-5A84-4025-B9D1-F35DCFA7CE57}.Release|Any CPU.Build.0 = Release|Any CPU
		{684A7ACB-3B93-4A09-BD9B-E075097C0EF0}.Debug|Any CPU.ActiveCfg = Debug|Any CPU
		{684A7ACB-3B93-4A09-BD9B-E075097C0EF0}.Debug|Any CPU.Build.0 = Debug|Any CPU
		{684A7ACB-3B93-4A09-BD9B-E075097C0EF0}.Release|Any CPU.ActiveCfg = Release|Any CPU
		{684A7ACB-3B93-4A09-BD9B-E075097C0EF0}.Release|Any CPU.Build.0 = Release|Any CPU
		{FCE0732C-CAB7-45F0-A95E-02402F5F0959}.Debug|Any CPU.ActiveCfg = Debug|Any CPU
		{FCE0732C-CAB7-45F0-A95E-02402F5F0959}.Debug|Any CPU.Build.0 = Debug|Any CPU
		{FCE0732C-CAB7-45F0-A95E-02402F5F0959}.Release|Any CPU.ActiveCfg = Release|Any CPU
		{FCE0732C-CAB7-45F0-A95E-02402F5F0959}.Release|Any CPU.Build.0 = Release|Any CPU
	EndGlobalSection
	GlobalSection(SolutionProperties) = preSolution
		HideSolutionNode = FALSE
	EndGlobalSection
	GlobalSection(ExtensibilityGlobals) = postSolution
		SolutionGuid = {D37C7E55-407D-41A1-9869-D2DF83BFF8AF}
	EndGlobalSection
EndGlobal
